
Microsoft Visual Studio Solution File, Format Version 12.00
Project("{FAE04EC0-301F-11D3-BF4B-00C04F79EFBC}") = "WhatsPendingApp", "WhatsPendingApp\WhatsPendingApp.csproj", "{142270B1-0355-4338-BF00-729190A12B37}"
EndProject
Project("{FAE04EC0-301F-11D3-BF4B-00C04F79EFBC}") = "WhatsPendingApp.Android", "WhatsPendingApp.Android\WhatsPendingApp.Android.csproj", "{A2211321-45DB-41B5-9EF1-D7F3E9CE4BC1}"
EndProject
Project("{FAE04EC0-301F-11D3-BF4B-00C04F79EFBC}") = "WhatsPendingApp.Desktop", "WhatsPendingApp.Desktop\WhatsPendingApp.Desktop.csproj", "{7329BA9E-7B2B-4D45-989E-57E90B7591D1}"
EndProject
Project("{FAE04EC0-301F-11D3-BF4B-00C04F79EFBC}") = "WhatsPendingApp.iOS", "WhatsPendingApp.iOS\WhatsPendingApp.iOS.csproj", "{6CA1171A-35C7-4618-9D66-4DA9AC669C72}"
EndProject
Project("{FAE04EC0-301F-11D3-BF4B-00C04F79EFBC}") = "WhatsPendingApp.Browser", "WhatsPendingApp.Browser\WhatsPendingApp.Browser.csproj", "{D2950A3C-33F1-442E-93BD-3B383BF837FA}"
EndProject
Global
	GlobalSection(SolutionConfigurationPlatforms) = preSolution
		Debug|Any CPU = Debug|Any CPU
		Release|Any CPU = Release|Any CPU
	EndGlobalSection
	GlobalSection(ProjectConfigurationPlatforms) = postSolution
		{142270B1-0355-4338-BF00-729190A12B37}.Debug|Any CPU.ActiveCfg = Debug|Any CPU
		{142270B1-0355-4338-BF00-729190A12B37}.Debug|Any CPU.Build.0 = Debug|Any CPU
		{142270B1-0355-4338-BF00-729190A12B37}.Release|Any CPU.ActiveCfg = Release|Any CPU
		{142270B1-0355-4338-BF00-729190A12B37}.Release|Any CPU.Build.0 = Release|Any CPU
		{A2211321-45DB-41B5-9EF1-D7F3E9CE4BC1}.Debug|Any CPU.ActiveCfg = Debug|Any CPU
		{A2211321-45DB-41B5-9EF1-D7F3E9CE4BC1}.Debug|Any CPU.Build.0 = Debug|Any CPU
		{A2211321-45DB-41B5-9EF1-D7F3E9CE4BC1}.Debug|Any CPU.Deploy.0 = Debug|Any CPU
		{A2211321-45DB-41B5-9EF1-D7F3E9CE4BC1}.Release|Any CPU.ActiveCfg = Release|Any CPU
		{A2211321-45DB-41B5-9EF1-D7F3E9CE4BC1}.Release|Any CPU.Build.0 = Release|Any CPU
		{A2211321-45DB-41B5-9EF1-D7F3E9CE4BC1}.Release|Any CPU.Deploy.0 = Release|Any CPU
		{7329BA9E-7B2B-4D45-989E-57E90B7591D1}.Debug|Any CPU.ActiveCfg = Debug|Any CPU
		{7329BA9E-7B2B-4D45-989E-57E90B7591D1}.Debug|Any CPU.Build.0 = Debug|Any CPU
		{7329BA9E-7B2B-4D45-989E-57E90B7591D1}.Release|Any CPU.ActiveCfg = Release|Any CPU
		{7329BA9E-7B2B-4D45-989E-57E90B7591D1}.Release|Any CPU.Build.0 = Release|Any CPU
		{6CA1171A-35C7-4618-9D66-4DA9AC669C72}.Debug|Any CPU.ActiveCfg = Debug|Any CPU
		{6CA1171A-35C7-4618-9D66-4DA9AC669C72}.Debug|Any CPU.Build.0 = Debug|Any CPU
		{6CA1171A-35C7-4618-9D66-4DA9AC669C72}.Debug|Any CPU.Deploy.0 = Debug|Any CPU
		{6CA1171A-35C7-4618-9D66-4DA9AC669C72}.Release|Any CPU.ActiveCfg = Release|Any CPU
		{6CA1171A-35C7-4618-9D66-4DA9AC669C72}.Release|Any CPU.Build.0 = Release|Any CPU
		{6CA1171A-35C7-4618-9D66-4DA9AC669C72}.Release|Any CPU.Deploy.0 = Release|Any CPU
		{D2950A3C-33F1-442E-93BD-3B383BF837FA}.Debug|Any CPU.ActiveCfg = Debug|Any CPU
		{D2950A3C-33F1-442E-93BD-3B383BF837FA}.Debug|Any CPU.Build.0 = Debug|Any CPU
		{D2950A3C-33F1-442E-93BD-3B383BF837FA}.Release|Any CPU.ActiveCfg = Release|Any CPU
		{D2950A3C-33F1-442E-93BD-3B383BF837FA}.Release|Any CPU.Build.0 = Release|Any CPU
	EndGlobalSection
EndGlobal
